{
  "name": "replit-agent",
  "version": "1.0.0",
  "lockfileVersion": 2,
  "requires": true,
  "packages": {
    "": {
      "name": "replit-agent",
      "version": "1.0.0",
      "license": "MIT",
      "bin": {
        "replit-agent": "bin/replit-agent.js"
      },
      "engines": {
        "node": ">=14.0.0"
      }
    }
  }
}
